
Microsoft Visual Studio Solution File, Format Version 12.00
# Visual Studio Version 17
VisualStudioVersion = 17.7.34018.315
MinimumVisualStudioVersion = 10.0.40219.1
Project("{8BC9CEB8-8B4A-11D0-8D11-00A0C91BC942}") = "SFML", "SFML.vcxproj", "{1359AF7C-9535-4DF9-8D50-7B2BF0F397E4}"
EndProject
Project("{2150E333-8FDC-42A3-9474-1A3956D46DE8}") = "Solution Items", "Solution Items", "{7F295B0C-4C3A-4CDA-8E55-D7167DA69DD9}"
	ProjectSection(SolutionItems) = preProject
		README.md = README.md
	EndProjectSection
EndProject
Global
	GlobalSection(SolutionConfigurationPlatforms) = preSolution
		Debug|x64 = Debug|x64
		Debug|x86 = Debug|x86
		Release|x64 = Release|x64
		Release|x86 = Release|x86
	EndGlobalSection
	GlobalSection(ProjectConfigurationPlatforms) = postSolution
		{1359AF7C-9535-4DF9-8D50-7B2BF0F397E4}.Debug|x64.ActiveCfg = Debug|x64
		{1359AF7C-9535-4DF9-8D50-7B2BF0F397E4}.Debug|x64.Build.0 = Debug|x64
		{1359AF7C-9535-4DF9-8D50-7B2BF0F397E4}.Debug|x86.ActiveCfg = Debug|Win32
		{1359AF7C-9535-4DF9-8D50-7B2BF0F397E4}.Debug|x86.Build.0 = Debug|Win32
		{1359AF7C-9535-4DF9-8D50-7B2BF0F397E4}.Release|x64.ActiveCfg = Release|x64
		{1359AF7C-9535-4DF9-8D50-7B2BF0F397E4}.Release|x64.Build.0 = Release|x64
		{1359AF7C-9535-4DF9-8D50-7B2BF0F397E4}.Release|x86.ActiveCfg = Release|Win32
		{1359AF7C-9535-4DF9-8D50-7B2BF0F397E4}.Release|x86.Build.0 = Release|Win32
	EndGlobalSection
	GlobalSection(SolutionProperties) = preSolution
		HideSolutionNode = FALSE
	EndGlobalSection
	GlobalSection(ExtensibilityGlobals) = postSolution
		SolutionGuid = {08D0BA5C-1946-4544-8A2A-E4618D03B791}
	EndGlobalSection
EndGlobal
